{
  "originHash" : "1cd2f4b3b8f1018216ec9ddf503f357dbc616c58d09e39d92de1a3ff60aa100d",
  "pins" : [
    {
      "identity" : "lottie-ios",
      "kind" : "remoteSourceControl",
      "location" : "https://github.com/airbnb/lottie-ios",
      "state" : {
        "revision" : "ab15129d567eda5da0631fcba23de60144a612f4",
        "version" : "4.4.2"
      }
    },
    {
      "identity" : "swiftui-introspect",
      "kind" : "remoteSourceControl",
      "location" : "https://github.com/siteline/swiftui-introspect",
      "state" : {
        "revision" : "ccb973cfff703cba53fb88197413485c060eb26b",
        "version" : "0.10.0"
      }
    }
  ],
  "version" : 3
}
